// !$*UTF8*$!
{
	archiveVersion = 1;
	classes = {
	};
	objectVersion = 50;
	objects = {

/* Begin PBXBuildFile section */
		CB096DED267F84AB0029788F /* AppDelegate.swift in Sources */ = {isa = PBXBuildFile; fileRef = CB096DEC267F84AB0029788F /* AppDelegate.swift */; };
		CB096DEF267F84AB0029788F /* SceneDelegate.swift in Sources */ = {isa = PBXBuildFile; fileRef = CB096DEE267F84AB0029788F /* SceneDelegate.swift */; };
		CB096DF1267F84AB0029788F /* ReposViewController.swift in Sources */ = {isa = PBXBuildFile; fileRef = CB096DF0267F84AB0029788F /* ReposViewController.swift */; };
		CB096DF4267F84AB0029788F /* Main.storyboard in Resources */ = {isa = PBXBuildFile; fileRef = CB096DF2267F84AB0029788F /* Main.storyboard */; };
		CB096DF9267F84AC0029788F /* Assets.xcassets in Resources */ = {isa = PBXBuildFile; fileRef = CB096DF8267F84AC0029788F /* Assets.xcassets */; };
		CB096DFC267F84AC0029788F /* LaunchScreen.storyboard in Resources */ = {isa = PBXBuildFile; fileRef = CB096DFA267F84AC0029788F /* LaunchScreen.storyboard */; };
		CB096E07267F84AC0029788F /* AugurTests.swift in Sources */ = {isa = PBXBuildFile; fileRef = CB096E06267F84AC0029788F /* AugurTests.swift */; };
		CB096E12267F84AC0029788F /* AugurUITests.swift in Sources */ = {isa = PBXBuildFile; fileRef = CB096E11267F84AC0029788F /* AugurUITests.swift */; };
		CB096E23267F90270029788F /* Repositories.swift in Sources */ = {isa = PBXBuildFile; fileRef = CB096E22267F90270029788F /* Repositories.swift */; };
		CB829EBE26A512A7005538F0 /* Constants.swift in Sources */ = {isa = PBXBuildFile; fileRef = CB829EBD26A512A7005538F0 /* Constants.swift */; };
/* End PBXBuildFile section */

/* Begin PBXContainerItemProxy section */
		CB096E03267F84AC0029788F /* PBXContainerItemProxy */ = {
			isa = PBXContainerItemProxy;
			containerPortal = CB096DE1267F84AA0029788F /* Project object */;
			proxyType = 1;
			remoteGlobalIDString = CB096DE8267F84AB0029788F;
			remoteInfo = Augur;
		};
		CB096E0E267F84AC0029788F /* PBXContainerItemProxy */ = {
			isa = PBXContainerItemProxy;
			containerPortal = CB096DE1267F84AA0029788F /* Project object */;
			proxyType = 1;
			remoteGlobalIDString = CB096DE8267F84AB0029788F;
			remoteInfo = Augur;
		};
/* End PBXContainerItemProxy section */

/* Begin PBXFileReference section */
		CB096DE9267F84AB0029788F /* Augur.app */ = {isa = PBXFileReference; explicitFileType = wrapper.application; includeInIndex = 0; path = Augur.app; sourceTree = BUILT_PRODUCTS_DIR; };
		CB096DEC267F84AB0029788F /* AppDelegate.swift */ = {isa = PBXFileReference; lastKnownFileType = sourcecode.swift; path = AppDelegate.swift; sourceTree = "<group>"; };
		CB096DEE267F84AB0029788F /* SceneDelegate.swift */ = {isa = PBXFileReference; lastKnownFileType = sourcecode.swift; path = SceneDelegate.swift; sourceTree = "<group>"; };
		CB096DF0267F84AB0029788F /* ReposViewController.swift */ = {isa = PBXFileReference; lastKnownFileType = sourcecode.swift; path = ReposViewController.swift; sourceTree = "<group>"; };
		CB096DF3267F84AB0029788F /* Base */ = {isa = PBXFileReference; lastKnownFileType = file.storyboard; name = Base; path = Base.lproj/Main.storyboard; sourceTree = "<group>"; };
		CB096DF8267F84AC0029788F /* Assets.xcassets */ = {isa = PBXFileReference; lastKnownFileType = folder.assetcatalog; path = Assets.xcassets; sourceTree = "<group>"; };
		CB096DFB267F84AC0029788F /* Base */ = {isa = PBXFileReference; lastKnownFileType = file.storyboard; name = Base; path = Base.lproj/LaunchScreen.storyboard; sourceTree = "<group>"; };
		CB096DFD267F84AC0029788F /* Info.plist */ = {isa = PBXFileReference; lastKnownFileType = text.plist.xml; path = Info.plist; sourceTree = "<group>"; };
		CB096E02267F84AC0029788F /* AugurTests.xctest */ = {isa = PBXFileReference; explicitFileType = wrapper.cfbundle; includeInIndex = 0; path = AugurTests.xctest; sourceTree = BUILT_PRODUCTS_DIR; };
		CB096E06267F84AC0029788F /* AugurTests.swift */ = {isa = PBXFileReference; lastKnownFileType = sourcecode.swift; path = AugurTests.swift; sourceTree = "<group>"; };
		CB096E08267F84AC0029788F /* Info.plist */ = {isa = PBXFileReference; lastKnownFileType = text.plist.xml; path = Info.plist; sourceTree = "<group>"; };
		CB096E0D267F84AC0029788F /* AugurUITests.xctest */ = {isa = PBXFileReference; explicitFileType = wrapper.cfbundle; includeInIndex = 0; path = AugurUITests.xctest; sourceTree = BUILT_PRODUCTS_DIR; };
		CB096E11267F84AC0029788F /* AugurUITests.swift */ = {isa = PBXFileReference; lastKnownFileType = sourcecode.swift; path = AugurUITests.swift; sourceTree = "<group>"; };
		CB096E13267F84AC0029788F /* Info.plist */ = {isa = PBXFileReference; lastKnownFileType = text.plist.xml; path = Info.plist; sourceTree = "<group>"; };
		CB096E22267F90270029788F /* Repositories.swift */ = {isa = PBXFileReference; lastKnownFileType = sourcecode.swift; path = Repositories.swift; sourceTree = "<group>"; };
		CB829EBD26A512A7005538F0 /* Constants.swift */ = {isa = PBXFileReference; lastKnownFileType = sourcecode.swift; path = Constants.swift; sourceTree = "<group>"; };
/* End PBXFileReference section */

/* Begin PBXFrameworksBuildPhase section */
		CB096DE6267F84AB0029788F /* Frameworks */ = {
			isa = PBXFrameworksBuildPhase;
			buildActionMask = 2147483647;
			files = (
			);
			runOnlyForDeploymentPostprocessing = 0;
		};
		CB096DFF267F84AC0029788F /* Frameworks */ = {
			isa = PBXFrameworksBuildPhase;
			buildActionMask = 2147483647;
			files = (
			);
			runOnlyForDeploymentPostprocessing = 0;
		};
		CB096E0A267F84AC0029788F /* Frameworks */ = {
			isa = PBXFrameworksBuildPhase;
			buildActionMask = 2147483647;
			files = (
			);
			runOnlyForDeploymentPostprocessing = 0;
		};
/* End PBXFrameworksBuildPhase section */

/* Begin PBXGroup section */
		CB096DE0267F84AA0029788F = {
			isa = PBXGroup;
			children = (
				CB096DEB267F84AB0029788F /* Augur */,
				CB096E05267F84AC0029788F /* AugurTests */,
				CB096E10267F84AC0029788F /* AugurUITests */,
				CB096DEA267F84AB0029788F /* Products */,
			);
			sourceTree = "<group>";
		};
		CB096DEA267F84AB0029788F /* Products */ = {
			isa = PBXGroup;
			children = (
				CB096DE9267F84AB0029788F /* Augur.app */,
				CB096E02267F84AC0029788F /* AugurTests.xctest */,
				CB096E0D267F84AC0029788F /* AugurUITests.xctest */,
			);
			name = Products;
			sourceTree = "<group>";
		};
		CB096DEB267F84AB0029788F /* Augur */ = {
			isa = PBXGroup;
			children = (
				CB096DFD267F84AC0029788F /* Info.plist */,
				CB096E21267F8F9E0029788F /* Controller */,
				CB096E20267F8F990029788F /* View */,
				CB096E1F267F8F8F0029788F /* Model */,
			);
			path = Augur;
			sourceTree = "<group>";
		};
		CB096E05267F84AC0029788F /* AugurTests */ = {
			isa = PBXGroup;
			children = (
				CB096E06267F84AC0029788F /* AugurTests.swift */,
				CB096E08267F84AC0029788F /* Info.plist */,
			);
			path = AugurTests;
			sourceTree = "<group>";
		};
		CB096E10267F84AC0029788F /* AugurUITests */ = {
			isa = PBXGroup;
			children = (
				CB096E11267F84AC0029788F /* AugurUITests.swift */,
				CB096E13267F84AC0029788F /* Info.plist */,
			);
			path = AugurUITests;
			sourceTree = "<group>";
		};
		CB096E1F267F8F8F0029788F /* Model */ = {
			isa = PBXGroup;
			children = (
				CB096E22267F90270029788F /* Repositories.swift */,
				CB829EBD26A512A7005538F0 /* Constants.swift */,
			);
			path = Model;
			sourceTree = "<group>";
		};
		CB096E20267F8F990029788F /* View */ = {
			isa = PBXGroup;
			children = (
				CB096DFA267F84AC0029788F /* LaunchScreen.storyboard */,
				CB096DF2267F84AB0029788F /* Main.storyboard */,
				CB096DF8267F84AC0029788F /* Assets.xcassets */,
			);
			path = View;
			sourceTree = "<group>";
		};
		CB096E21267F8F9E0029788F /* Controller */ = {
			isa = PBXGroup;
			children = (
				CB096DF0267F84AB0029788F /* ReposViewController.swift */,
				CB096DEC267F84AB0029788F /* AppDelegate.swift */,
				CB096DEE267F84AB0029788F /* SceneDelegate.swift */,
			);
			path = Controller;
			sourceTree = "<group>";
		};
/* End PBXGroup section */

/* Begin PBXNativeTarget section */
		CB096DE8267F84AB0029788F /* Augur */ = {
			isa = PBXNativeTarget;
			buildConfigurationList = CB096E16267F84AC0029788F /* Build configuration list for PBXNativeTarget "Augur" */;
			buildPhases = (
				CB096DE5267F84AB0029788F /* Sources */,
				CB096DE6267F84AB0029788F /* Frameworks */,
				CB096DE7267F84AB0029788F /* Resources */,
			);
			buildRules = (
			);
			dependencies = (
			);
			name = Augur;
			productName = Augur;
			productReference = CB096DE9267F84AB0029788F /* Augur.app */;
			productType = "com.apple.product-type.application";
		};
		CB096E01267F84AC0029788F /* AugurTests */ = {
			isa = PBXNativeTarget;
			buildConfigurationList = CB096E19267F84AC0029788F /* Build configuration list for PBXNativeTarget "AugurTests" */;
			buildPhases = (
				CB096DFE267F84AC0029788F /* Sources */,
				CB096DFF267F84AC0029788F /* Frameworks */,
				CB096E00267F84AC0029788F /* Resources */,
			);
			buildRules = (
			);
			dependencies = (
				CB096E04267F84AC0029788F /* PBXTargetDependency */,
			);
			name = AugurTests;
			productName = AugurTests;
			productReference = CB096E02267F84AC0029788F /* AugurTests.xctest */;
			productType = "com.apple.product-type.bundle.unit-test";
		};
		CB096E0C267F84AC0029788F /* AugurUITests */ = {
			isa = PBXNativeTarget;
			buildConfigurationList = CB096E1C267F84AC0029788F /* Build configuration list for PBXNativeTarget "AugurUITests" */;
			buildPhases = (
				CB096E09267F84AC0029788F /* Sources */,
				CB096E0A267F84AC0029788F /* Frameworks */,
				CB096E0B267F84AC0029788F /* Resources */,
			);
			buildRules = (
			);
			dependencies = (
				CB096E0F267F84AC0029788F /* PBXTargetDependency */,
			);
			name = AugurUITests;
			productName = AugurUITests;
			productReference = CB096E0D267F84AC0029788F /* AugurUITests.xctest */;
			productType = "com.apple.product-type.bundle.ui-testing";
		};
/* End PBXNativeTarget section */

/* Begin PBXProject section */
		CB096DE1267F84AA0029788F /* Project object */ = {
			isa = PBXProject;
			attributes = {
				LastSwiftUpdateCheck = 1250;
				LastUpgradeCheck = 1250;
				TargetAttributes = {
					CB096DE8267F84AB0029788F = {
						CreatedOnToolsVersion = 12.5;
					};
					CB096E01267F84AC0029788F = {
						CreatedOnToolsVersion = 12.5;
						TestTargetID = CB096DE8267F84AB0029788F;
					};
					CB096E0C267F84AC0029788F = {
						CreatedOnToolsVersion = 12.5;
						TestTargetID = CB096DE8267F84AB0029788F;
					};
				};
			};
			buildConfigurationList = CB096DE4267F84AA0029788F /* Build configuration list for PBXProject "Augur" */;
			compatibilityVersion = "Xcode 9.3";
			developmentRegion = en;
			hasScannedForEncodings = 0;
			knownRegions = (
				en,
				Base,
			);
			mainGroup = CB096DE0267F84AA0029788F;
			productRefGroup = CB096DEA267F84AB0029788F /* Products */;
			projectDirPath = "";
			projectRoot = "";
			targets = (
				CB096DE8267F84AB0029788F /* Augur */,
				CB096E01267F84AC0029788F /* AugurTests */,
				CB096E0C267F84AC0029788F /* AugurUITests */,
			);
		};
/* End PBXProject section */

/* Begin PBXResourcesBuildPhase section */
		CB096DE7267F84AB0029788F /* Resources */ = {
			isa = PBXResourcesBuildPhase;
			buildActionMask = 2147483647;
			files = (
				CB096DFC267F84AC0029788F /* LaunchScreen.storyboard in Resources */,
				CB096DF9267F84AC0029788F /* Assets.xcassets in Resources */,
				CB096DF4267F84AB0029788F /* Main.storyboard in Resources */,
			);
			runOnlyForDeploymentPostprocessing = 0;
		};
		CB096E00267F84AC0029788F /* Resources */ = {
			isa = PBXResourcesBuildPhase;
			buildActionMask = 2147483647;
			files = (
			);
			runOnlyForDeploymentPostprocessing = 0;
		};
		CB096E0B267F84AC0029788F /* Resources */ = {
			isa = PBXResourcesBuildPhase;
			buildActionMask = 2147483647;
			files = (
			);
			runOnlyForDeploymentPostprocessing = 0;
		};
/* End PBXResourcesBuildPhase section */

/* Begin PBXSourcesBuildPhase section */
		CB096DE5267F84AB0029788F /* Sources */ = {
			isa = PBXSourcesBuildPhase;
			buildActionMask = 2147483647;
			files = (
				CB829EBE26A512A7005538F0 /* Constants.swift in Sources */,
				CB096DF1267F84AB0029788F /* ReposViewController.swift in Sources */,
				CB096E23267F90270029788F /* Repositories.swift in Sources */,
				CB096DED267F84AB0029788F /* AppDelegate.swift in Sources */,
				CB096DEF267F84AB0029788F /* SceneDelegate.swift in Sources */,
			);
			runOnlyForDeploymentPostprocessing = 0;
		};
		CB096DFE267F84AC0029788F /* Sources */ = {
			isa = PBXSourcesBuildPhase;
			buildActionMask = 2147483647;
			files = (
				CB096E07267F84AC0029788F /* AugurTests.swift in Sources */,
			);
			runOnlyForDeploymentPostprocessing = 0;
		};
		CB096E09267F84AC0029788F /* Sources */ = {
			isa = PBXSourcesBuildPhase;
			buildActionMask = 2147483647;
			files = (
				CB096E12267F84AC0029788F /* AugurUITests.swift in Sources */,
			);
			runOnlyForDeploymentPostprocessing = 0;
		};
/* End PBXSourcesBuildPhase section */

/* Begin PBXTargetDependency section */
		CB096E04267F84AC0029788F /* PBXTargetDependency */ = {
			isa = PBXTargetDependency;
			target = CB096DE8267F84AB0029788F /* Augur */;
			targetProxy = CB096E03267F84AC0029788F /* PBXContainerItemProxy */;
		};
		CB096E0F267F84AC0029788F /* PBXTargetDependency */ = {
			isa = PBXTargetDependency;
			target = CB096DE8267F84AB0029788F /* Augur */;
			targetProxy = CB096E0E267F84AC0029788F /* PBXContainerItemProxy */;
		};
/* End PBXTargetDependency section */

/* Begin PBXVariantGroup section */
		CB096DF2267F84AB0029788F /* Main.storyboard */ = {
			isa = PBXVariantGroup;
			children = (
				CB096DF3267F84AB0029788F /* Base */,
			);
			name = Main.storyboard;
			sourceTree = "<group>";
		};
		CB096DFA267F84AC0029788F /* LaunchScreen.storyboard */ = {
			isa = PBXVariantGroup;
			children = (
				CB096DFB267F84AC0029788F /* Base */,
			);
			name = LaunchScreen.storyboard;
			sourceTree = "<group>";
		};
/* End PBXVariantGroup section */

/* Begin XCBuildConfiguration section */
		CB096E14267F84AC0029788F /* Debug */ = {
			isa = XCBuildConfiguration;
			buildSettings = {
				ALWAYS_SEARCH_USER_PATHS = NO;
				CLANG_ANALYZER_NONNULL = YES;
				CLANG_ANALYZER_NUMBER_OBJECT_CONVERSION = YES_AGGRESSIVE;
				CLANG_CXX_LANGUAGE_STANDARD = "gnu++14";
				CLANG_CXX_LIBRARY = "libc++";
				CLANG_ENABLE_MODULES = YES;
				CLANG_ENABLE_OBJC_ARC = YES;
				CLANG_ENABLE_OBJC_WEAK = YES;
				CLANG_WARN_BLOCK_CAPTURE_AUTORELEASING = YES;
				CLANG_WARN_BOOL_CONVERSION = YES;
				CLANG_WARN_COMMA = YES;
				CLANG_WARN_CONSTANT_CONVERSION = YES;
				CLANG_WARN_DEPRECATED_OBJC_IMPLEMENTATIONS = YES;
				CLANG_WARN_DIRECT_OBJC_ISA_USAGE = YES_ERROR;
				CLANG_WARN_DOCUMENTATION_COMMENTS = YES;
				CLANG_WARN_EMPTY_BODY = YES;
				CLANG_WARN_ENUM_CONVERSION = YES;
				CLANG_WARN_INFINITE_RECURSION = YES;
				CLANG_WARN_INT_CONVERSION = YES;
				CLANG_WARN_NON_LITERAL_NULL_CONVERSION = YES;
				CLANG_WARN_OBJC_IMPLICIT_RETAIN_SELF = YES;
				CLANG_WARN_OBJC_LITERAL_CONVERSION = YES;
				CLANG_WARN_OBJC_ROOT_CLASS = YES_ERROR;
				CLANG_WARN_QUOTED_INCLUDE_IN_FRAMEWORK_HEADER = YES;
				CLANG_WARN_RANGE_LOOP_ANALYSIS = YES;
				CLANG_WARN_STRICT_PROTOTYPES = YES;
				CLANG_WARN_SUSPICIOUS_MOVE = YES;
				CLANG_WARN_UNGUARDED_AVAILABILITY = YES_AGGRESSIVE;
				CLANG_WARN_UNREACHABLE_CODE = YES;
				CLANG_WARN__DUPLICATE_METHOD_MATCH = YES;
				COPY_PHASE_STRIP = NO;
				DEBUG_INFORMATION_FORMAT = dwarf;
				ENABLE_STRICT_OBJC_MSGSEND = YES;
				ENABLE_TESTABILITY = YES;
				GCC_C_LANGUAGE_STANDARD = gnu11;
				GCC_DYNAMIC_NO_PIC = NO;
				GCC_NO_COMMON_BLOCKS = YES;
				GCC_OPTIMIZATION_LEVEL = 0;
				GCC_PREPROCESSOR_DEFINITIONS = (
					"DEBUG=1",
					"$(inherited)",
				);
				GCC_WARN_64_TO_32_BIT_CONVERSION = YES;
				GCC_WARN_ABOUT_RETURN_TYPE = YES_ERROR;
				GCC_WARN_UNDECLARED_SELECTOR = YES;
				GCC_WARN_UNINITIALIZED_AUTOS = YES_AGGRESSIVE;
				GCC_WARN_UNUSED_FUNCTION = YES;
				GCC_WARN_UNUSED_VARIABLE = YES;
				IPHONEOS_DEPLOYMENT_TARGET = 14.5;
				MTL_ENABLE_DEBUG_INFO = INCLUDE_SOURCE;
				MTL_FAST_MATH = YES;
				ONLY_ACTIVE_ARCH = YES;
				SDKROOT = iphoneos;
				SWIFT_ACTIVE_COMPILATION_CONDITIONS = DEBUG;
				SWIFT_OPTIMIZATION_LEVEL = "-Onone";
			};
			name = Debug;
		};
		CB096E15267F84AC0029788F /* Release */ = {
			isa = XCBuildConfiguration;
			buildSettings = {
				ALWAYS_SEARCH_USER_PATHS = NO;
				CLANG_ANALYZER_NONNULL = YES;
				CLANG_ANALYZER_NUMBER_OBJECT_CONVERSION = YES_AGGRESSIVE;
				CLANG_CXX_LANGUAGE_STANDARD = "gnu++14";
				CLANG_CXX_LIBRARY = "libc++";
				CLANG_ENABLE_MODULES = YES;
				CLANG_ENABLE_OBJC_ARC = YES;
				CLANG_ENABLE_OBJC_WEAK = YES;
				CLANG_WARN_BLOCK_CAPTURE_AUTORELEASING = YES;
				CLANG_WARN_BOOL_CONVERSION = YES;
				CLANG_WARN_COMMA = YES;
				CLANG_WARN_CONSTANT_CONVERSION = YES;
				CLANG_WARN_DEPRECATED_OBJC_IMPLEMENTATIONS = YES;
				CLANG_WARN_DIRECT_OBJC_ISA_USAGE = YES_ERROR;
				CLANG_WARN_DOCUMENTATION_COMMENTS = YES;
				CLANG_WARN_EMPTY_BODY = YES;
				CLANG_WARN_ENUM_CONVERSION = YES;
				CLANG_WARN_INFINITE_RECURSION = YES;
				CLANG_WARN_INT_CONVERSION = YES;
				CLANG_WARN_NON_LITERAL_NULL_CONVERSION = YES;
				CLANG_WARN_OBJC_IMPLICIT_RETAIN_SELF = YES;
				CLANG_WARN_OBJC_LITERAL_CONVERSION = YES;
				CLANG_WARN_OBJC_ROOT_CLASS = YES_ERROR;
				CLANG_WARN_QUOTED_INCLUDE_IN_FRAMEWORK_HEADER = YES;
				CLANG_WARN_RANGE_LOOP_ANALYSIS = YES;
				CLANG_WARN_STRICT_PROTOTYPES = YES;
				CLANG_WARN_SUSPICIOUS_MOVE = YES;
				CLANG_WARN_UNGUARDED_AVAILABILITY = YES_AGGRESSIVE;
				CLANG_WARN_UNREACHABLE_CODE = YES;
				CLANG_WARN__DUPLICATE_METHOD_MATCH = YES;
				COPY_PHASE_STRIP = NO;
				DEBUG_INFORMATION_FORMAT = "dwarf-with-dsym";
				ENABLE_NS_ASSERTIONS = NO;
				ENABLE_STRICT_OBJC_MSGSEND = YES;
				GCC_C_LANGUAGE_STANDARD = gnu11;
				GCC_NO_COMMON_BLOCKS = YES;
				GCC_WARN_64_TO_32_BIT_CONVERSION = YES;
				GCC_WARN_ABOUT_RETURN_TYPE = YES_ERROR;
				GCC_WARN_UNDECLARED_SELECTOR = YES;
				GCC_WARN_UNINITIALIZED_AUTOS = YES_AGGRESSIVE;
				GCC_WARN_UNUSED_FUNCTION = YES;
				GCC_WARN_UNUSED_VARIABLE = YES;
				IPHONEOS_DEPLOYMENT_TARGET = 14.5;
				MTL_ENABLE_DEBUG_INFO = NO;
				MTL_FAST_MATH = YES;
				SDKROOT = iphoneos;
				SWIFT_COMPILATION_MODE = wholemodule;
				SWIFT_OPTIMIZATION_LEVEL = "-O";
				VALIDATE_PRODUCT = YES;
			};
			name = Release;
		};
		CB096E17267F84AC0029788F /* Debug */ = {
			isa = XCBuildConfiguration;
			buildSettings = {
				ASSETCATALOG_COMPILER_APPICON_NAME = AppIcon;
				ASSETCATALOG_COMPILER_GLOBAL_ACCENT_COLOR_NAME = AccentColor;
				CODE_SIGN_STYLE = Automatic;
				DEVELOPMENT_TEAM = 42LTA54FWW;
				INFOPLIST_FILE = Augur/Info.plist;
				LD_RUNPATH_SEARCH_PATHS = (
					"$(inherited)",
					"@executable_path/Frameworks",
				);
				PRODUCT_BUNDLE_IDENTIFIER = GillisSoftware.Augur;
				PRODUCT_NAME = "$(TARGET_NAME)";
				SWIFT_VERSION = 5.0;
				TARGETED_DEVICE_FAMILY = 1;
			};
			name = Debug;
		};
		CB096E18267F84AC0029788F /* Release */ = {
			isa = XCBuildConfiguration;
			buildSettings = {
				ASSETCATALOG_COMPILER_APPICON_NAME = AppIcon;
				ASSETCATALOG_COMPILER_GLOBAL_ACCENT_COLOR_NAME = AccentColor;
				CODE_SIGN_STYLE = Automatic;
				DEVELOPMENT_TEAM = 42LTA54FWW;
				INFOPLIST_FILE = Augur/Info.plist;
				LD_RUNPATH_SEARCH_PATHS = (
					"$(inherited)",
					"@executable_path/Frameworks",
				);
				PRODUCT_BUNDLE_IDENTIFIER = GillisSoftware.Augur;
				PRODUCT_NAME = "$(TARGET_NAME)";
				SWIFT_VERSION = 5.0;
				TARGETED_DEVICE_FAMILY = 1;
			};
			name = Release;
		};
		CB096E1A267F84AC0029788F /* Debug */ = {
			isa = XCBuildConfiguration;
			buildSettings = {
				ALWAYS_EMBED_SWIFT_STANDARD_LIBRARIES = YES;
				BUNDLE_LOADER = "$(TEST_HOST)";
				CODE_SIGN_STYLE = Automatic;
				DEVELOPMENT_TEAM = 42LTA54FWW;
				INFOPLIST_FILE = AugurTests/Info.plist;
				IPHONEOS_DEPLOYMENT_TARGET = 14.5;
				LD_RUNPATH_SEARCH_PATHS = (
					"$(inherited)",
					"@executable_path/Frameworks",
					"@loader_path/Frameworks",
				);
				PRODUCT_BUNDLE_IDENTIFIER = GillisSoftware.AugurTests;
				PRODUCT_NAME = "$(TARGET_NAME)";
				SWIFT_VERSION = 5.0;
				TARGETED_DEVICE_FAMILY = "1,2";
				TEST_HOST = "$(BUILT_PRODUCTS_DIR)/Augur.app/Augur";
			};
			name = Debug;
		};
		CB096E1B267F84AC0029788F /* Release */ = {
			isa = XCBuildConfiguration;
			buildSettings = {
				ALWAYS_EMBED_SWIFT_STANDARD_LIBRARIES = YES;
				BUNDLE_LOADER = "$(TEST_HOST)";
				CODE_SIGN_STYLE = Automatic;
				DEVELOPMENT_TEAM = 42LTA54FWW;
				INFOPLIST_FILE = AugurTests/Info.plist;
				IPHONEOS_DEPLOYMENT_TARGET = 14.5;
				LD_RUNPATH_SEARCH_PATHS = (
					"$(inherited)",
					"@executable_path/Frameworks",
					"@loader_path/Frameworks",
				);
				PRODUCT_BUNDLE_IDENTIFIER = GillisSoftware.AugurTests;
				PRODUCT_NAME = "$(TARGET_NAME)";
				SWIFT_VERSION = 5.0;
				TARGETED_DEVICE_FAMILY = "1,2";
				TEST_HOST = "$(BUILT_PRODUCTS_DIR)/Augur.app/Augur";
			};
			name = Release;
		};
		CB096E1D267F84AC0029788F /* Debug */ = {
			isa = XCBuildConfiguration;
			buildSettings = {
				ALWAYS_EMBED_SWIFT_STANDARD_LIBRARIES = YES;
				CODE_SIGN_STYLE = Automatic;
				DEVELOPMENT_TEAM = 42LTA54FWW;
				INFOPLIST_FILE = AugurUITests/Info.plist;
				LD_RUNPATH_SEARCH_PATHS = (
					"$(inherited)",
					"@executable_path/Frameworks",
					"@loader_path/Frameworks",
				);
				PRODUCT_BUNDLE_IDENTIFIER = GillisSoftware.AugurUITests;
				PRODUCT_NAME = "$(TARGET_NAME)";
				SWIFT_VERSION = 5.0;
				TARGETED_DEVICE_FAMILY = "1,2";
				TEST_TARGET_NAME = Augur;
			};
			name = Debug;
		};
		CB096E1E267F84AC0029788F /* Release */ = {
			isa = XCBuildConfiguration;
			buildSettings = {
				ALWAYS_EMBED_SWIFT_STANDARD_LIBRARIES = YES;
				CODE_SIGN_STYLE = Automatic;
				DEVELOPMENT_TEAM = 42LTA54FWW;
				INFOPLIST_FILE = AugurUITests/Info.plist;
				LD_RUNPATH_SEARCH_PATHS = (
					"$(inherited)",
					"@executable_path/Frameworks",
					"@loader_path/Frameworks",
				);
				PRODUCT_BUNDLE_IDENTIFIER = GillisSoftware.AugurUITests;
				PRODUCT_NAME = "$(TARGET_NAME)";
				SWIFT_VERSION = 5.0;
				TARGETED_DEVICE_FAMILY = "1,2";
				TEST_TARGET_NAME = Augur;
			};
			name = Release;
		};
/* End XCBuildConfiguration section */

/* Begin XCConfigurationList section */
		CB096DE4267F84AA0029788F /* Build configuration list for PBXProject "Augur" */ = {
			isa = XCConfigurationList;
			buildConfigurations = (
				CB096E14267F84AC0029788F /* Debug */,
				CB096E15267F84AC0029788F /* Release */,
			);
			defaultConfigurationIsVisible = 0;
			defaultConfigurationName = Release;
		};
		CB096E16267F84AC0029788F /* Build configuration list for PBXNativeTarget "Augur" */ = {
			isa = XCConfigurationList;
			buildConfigurations = (
				CB096E17267F84AC0029788F /* Debug */,
				CB096E18267F84AC0029788F /* Release */,
			);
			defaultConfigurationIsVisible = 0;
			defaultConfigurationName = Release;
		};
		CB096E19267F84AC0029788F /* Build configuration list for PBXNativeTarget "AugurTests" */ = {
			isa = XCConfigurationList;
			buildConfigurations = (
				CB096E1A267F84AC0029788F /* Debug */,
				CB096E1B267F84AC0029788F /* Release */,
			);
			defaultConfigurationIsVisible = 0;
			defaultConfigurationName = Release;
		};
		CB096E1C267F84AC0029788F /* Build configuration list for PBXNativeTarget "AugurUITests" */ = {
			isa = XCConfigurationList;
			buildConfigurations = (
				CB096E1D267F84AC0029788F /* Debug */,
				CB096E1E267F84AC0029788F /* Release */,
			);
			defaultConfigurationIsVisible = 0;
			defaultConfigurationName = Release;
		};
/* End XCConfigurationList section */
	};
	rootObject = CB096DE1267F84AA0029788F /* Project object */;
}
